
Microsoft Visual Studio Solution File, Format Version 12.00
# Visual Studio 15
Project("{FAE04EC0-301F-11D3-BF4B-00C04F79EFBC}") = "HousePlant.Android", "App\HousePlant.Android\HousePlant.Android.csproj", "{A0394B14-3E67-409F-850C-C63541341B01}"
EndProject
Project("{FAE04EC0-301F-11D3-BF4B-00C04F79EFBC}") = "HousePlant.iOS", "App\HousePlant.iOS\HousePlant.iOS.csproj", "{3A224F40-1524-4A96-AF79-C197E382EF19}"
EndProject
Project("{FAE04EC0-301F-11D3-BF4B-00C04F79EFBC}") = "HousePlant", "App\HousePlant\HousePlant.csproj", "{9D2E14BC-1FA3-400B-8345-41D8B90334E2}"
EndProject
Project("{2150E333-8FDC-42A3-9474-1A3956D46DE8}") = "App", "App", "{27826693-7F7E-41EC-8676-42F84C8931D0}"
EndProject
Global
	GlobalSection(SolutionConfigurationPlatforms) = preSolution
		Debug|Any CPU = Debug|Any CPU
		Release|Any CPU = Release|Any CPU
		Debug|iPhoneSimulator = Debug|iPhoneSimulator
		Release|iPhoneSimulator = Release|iPhoneSimulator
		Debug|iPhone = Debug|iPhone
		Release|iPhone = Release|iPhone
	EndGlobalSection
	GlobalSection(ProjectConfigurationPlatforms) = postSolution
		{A0394B14-3E67-409F-850C-C63541341B01}.Debug|Any CPU.ActiveCfg = Debug|Any CPU
		{A0394B14-3E67-409F-850C-C63541341B01}.Debug|Any CPU.Build.0 = Debug|Any CPU
		{A0394B14-3E67-409F-850C-C63541341B01}.Release|Any CPU.ActiveCfg = Release|Any CPU
		{A0394B14-3E67-409F-850C-C63541341B01}.Release|Any CPU.Build.0 = Release|Any CPU
		{A0394B14-3E67-409F-850C-C63541341B01}.Debug|iPhoneSimulator.ActiveCfg = Debug|Any CPU
		{A0394B14-3E67-409F-850C-C63541341B01}.Debug|iPhoneSimulator.Build.0 = Debug|Any CPU
		{A0394B14-3E67-409F-850C-C63541341B01}.Release|iPhoneSimulator.ActiveCfg = Release|Any CPU
		{A0394B14-3E67-409F-850C-C63541341B01}.Release|iPhoneSimulator.Build.0 = Release|Any CPU
		{A0394B14-3E67-409F-850C-C63541341B01}.Debug|iPhone.ActiveCfg = Debug|Any CPU
		{A0394B14-3E67-409F-850C-C63541341B01}.Debug|iPhone.Build.0 = Debug|Any CPU
		{A0394B14-3E67-409F-850C-C63541341B01}.Release|iPhone.ActiveCfg = Release|Any CPU
		{A0394B14-3E67-409F-850C-C63541341B01}.Release|iPhone.Build.0 = Release|Any CPU
		{3A224F40-1524-4A96-AF79-C197E382EF19}.Debug|Any CPU.ActiveCfg = Debug|iPhoneSimulator
		{3A224F40-1524-4A96-AF79-C197E382EF19}.Debug|Any CPU.Build.0 = Debug|iPhoneSimulator
		{3A224F40-1524-4A96-AF79-C197E382EF19}.Release|Any CPU.ActiveCfg = Release|iPhoneSimulator
		{3A224F40-1524-4A96-AF79-C197E382EF19}.Release|Any CPU.Build.0 = Release|iPhoneSimulator
		{3A224F40-1524-4A96-AF79-C197E382EF19}.Debug|iPhoneSimulator.ActiveCfg = Debug|iPhoneSimulator
		{3A224F40-1524-4A96-AF79-C197E382EF19}.Debug|iPhoneSimulator.Build.0 = Debug|iPhoneSimulator
		{3A224F40-1524-4A96-AF79-C197E382EF19}.Release|iPhoneSimulator.ActiveCfg = Release|iPhoneSimulator
		{3A224F40-1524-4A96-AF79-C197E382EF19}.Release|iPhoneSimulator.Build.0 = Release|iPhoneSimulator
		{3A224F40-1524-4A96-AF79-C197E382EF19}.Debug|iPhone.ActiveCfg = Debug|iPhone
		{3A224F40-1524-4A96-AF79-C197E382EF19}.Debug|iPhone.Build.0 = Debug|iPhone
		{3A224F40-1524-4A96-AF79-C197E382EF19}.Release|iPhone.ActiveCfg = Release|iPhone
		{3A224F40-1524-4A96-AF79-C197E382EF19}.Release|iPhone.Build.0 = Release|iPhone
		{9D2E14BC-1FA3-400B-8345-41D8B90334E2}.Debug|Any CPU.ActiveCfg = Debug|Any CPU
		{9D2E14BC-1FA3-400B-8345-41D8B90334E2}.Debug|Any CPU.Build.0 = Debug|Any CPU
		{9D2E14BC-1FA3-400B-8345-41D8B90334E2}.Release|Any CPU.ActiveCfg = Release|Any CPU
		{9D2E14BC-1FA3-400B-8345-41D8B90334E2}.Release|Any CPU.Build.0 = Release|Any CPU
		{9D2E14BC-1FA3-400B-8345-41D8B90334E2}.Debug|iPhoneSimulator.ActiveCfg = Debug|Any CPU
		{9D2E14BC-1FA3-400B-8345-41D8B90334E2}.Debug|iPhoneSimulator.Build.0 = Debug|Any CPU
		{9D2E14BC-1FA3-400B-8345-41D8B90334E2}.Release|iPhoneSimulator.ActiveCfg = Release|Any CPU
		{9D2E14BC-1FA3-400B-8345-41D8B90334E2}.Release|iPhoneSimulator.Build.0 = Release|Any CPU
		{9D2E14BC-1FA3-400B-8345-41D8B90334E2}.Debug|iPhone.ActiveCfg = Debug|Any CPU
		{9D2E14BC-1FA3-400B-8345-41D8B90334E2}.Debug|iPhone.Build.0 = Debug|Any CPU
		{9D2E14BC-1FA3-400B-8345-41D8B90334E2}.Release|iPhone.ActiveCfg = Release|Any CPU
		{9D2E14BC-1FA3-400B-8345-41D8B90334E2}.Release|iPhone.Build.0 = Release|Any CPU
	EndGlobalSection
	GlobalSection(NestedProjects) = preSolution
		{9D2E14BC-1FA3-400B-8345-41D8B90334E2} = {27826693-7F7E-41EC-8676-42F84C8931D0}
		{A0394B14-3E67-409F-850C-C63541341B01} = {27826693-7F7E-41EC-8676-42F84C8931D0}
		{3A224F40-1524-4A96-AF79-C197E382EF19} = {27826693-7F7E-41EC-8676-42F84C8931D0}
	EndGlobalSection
EndGlobal
